// !$*UTF8*$!
{
	archiveVersion = 1;
	classes = {
	};
	objectVersion = 46;
	objects = {

/* Begin PBXBuildFile section */
		A857FEFE1F70BCBD001EAC29 /* main.swift in Sources */ = {isa = PBXBuildFile; fileRef = A857FEFD1F70BCBD001EAC29 /* main.swift */; };
		A857FF061F70BD39001EAC29 /* BFBaseObject.swift in Sources */ = {isa = PBXBuildFile; fileRef = A857FF051F70BD39001EAC29 /* BFBaseObject.swift */; };
/* End PBXBuildFile section */

/* Begin PBXCopyFilesBuildPhase section */
		A857FEF81F70BCBC001EAC29 /* CopyFiles */ = {
			isa = PBXCopyFilesBuildPhase;
			buildActionMask = 2147483647;
			dstPath = /usr/share/man/man1/;
			dstSubfolderSpec = 0;
			files = (
			);
			runOnlyForDeploymentPostprocessing = 1;
		};
/* End PBXCopyFilesBuildPhase section */

/* Begin PBXFileReference section */
		A857FEFA1F70BCBC001EAC29 /* BFSwift2Command */ = {isa = PBXFileReference; explicitFileType = "compiled.mach-o.executable"; includeInIndex = 0; path = BFSwift2Command; sourceTree = BUILT_PRODUCTS_DIR; };
		A857FEFD1F70BCBD001EAC29 /* main.swift */ = {isa = PBXFileReference; lastKnownFileType = sourcecode.swift; path = main.swift; sourceTree = "<group>"; };
		A857FF051F70BD39001EAC29 /* BFBaseObject.swift */ = {isa = PBXFileReference; fileEncoding = 4; lastKnownFileType = sourcecode.swift; path = BFBaseObject.swift; sourceTree = "<group>"; };
/* End PBXFileReference section */

/* Begin PBXFrameworksBuildPhase section */
		A857FEF71F70BCBC001EAC29 /* Frameworks */ = {
			isa = PBXFrameworksBuildPhase;
			buildActionMask = 2147483647;
			files = (
			);
			runOnlyForDeploymentPostprocessing = 0;
		};
/* End PBXFrameworksBuildPhase section */

/* Begin PBXGroup section */
		A857FEF11F70BCBC001EAC29 = {
			isa = PBXGroup;
			children = (
				A857FEFC1F70BCBC001EAC29 /* BFSwift2Command */,
				A857FEFB1F70BCBC001EAC29 /* Products */,
			);
			sourceTree = "<group>";
		};
		A857FEFB1F70BCBC001EAC29 /* Products */ = {
			isa = PBXGroup;
			children = (
				A857FEFA1F70BCBC001EAC29 /* BFSwift2Command */,
			);
			name = Products;
			sourceTree = "<group>";
		};
		A857FEFC1F70BCBC001EAC29 /* BFSwift2Command */ = {
			isa = PBXGroup;
			children = (
				A857FF041F70BCED001EAC29 /* Base(基础) */,
				A857FEFD1F70BCBD001EAC29 /* main.swift */,
			);
			path = BFSwift2Command;
			sourceTree = "<group>";
		};
		A857FF041F70BCED001EAC29 /* Base(基础) */ = {
			isa = PBXGroup;
			children = (
				A857FF051F70BD39001EAC29 /* BFBaseObject.swift */,
			);
			path = "Base(基础)";
			sourceTree = "<group>";
		};
/* End PBXGroup section */

/* Begin PBXNativeTarget section */
		A857FEF91F70BCBC001EAC29 /* BFSwift2Command */ = {
			isa = PBXNativeTarget;
			buildConfigurationList = A857FF011F70BCBD001EAC29 /* Build configuration list for PBXNativeTarget "BFSwift2Command" */;
			buildPhases = (
				A857FEF61F70BCBC001EAC29 /* Sources */,
				A857FEF71F70BCBC001EAC29 /* Frameworks */,
				A857FEF81F70BCBC001EAC29 /* CopyFiles */,
			);
			buildRules = (
			);
			dependencies = (
			);
			name = BFSwift2Command;
			productName = BFSwift2Command;
			productReference = A857FEFA1F70BCBC001EAC29 /* BFSwift2Command */;
			productType = "com.apple.product-type.tool";
		};
/* End PBXNativeTarget section */

/* Begin PBXProject section */
		A857FEF21F70BCBC001EAC29 /* Project object */ = {
			isa = PBXProject;
			attributes = {
				LastSwiftUpdateCheck = 0820;
				LastUpgradeCheck = 0820;
				ORGANIZATIONNAME = Readboy_BFAlex;
				TargetAttributes = {
					A857FEF91F70BCBC001EAC29 = {
						CreatedOnToolsVersion = 8.2.1;
						DevelopmentTeam = 2J5C844G24;
						ProvisioningStyle = Automatic;
					};
				};
			};
			buildConfigurationList = A857FEF51F70BCBC001EAC29 /* Build configuration list for PBXProject "BFSwift2Command" */;
			compatibilityVersion = "Xcode 3.2";
			developmentRegion = English;
			hasScannedForEncodings = 0;
			knownRegions = (
				en,
			);
			mainGroup = A857FEF11F70BCBC001EAC29;
			productRefGroup = A857FEFB1F70BCBC001EAC29 /* Products */;
			projectDirPath = "";
			projectRoot = "";
			targets = (
				A857FEF91F70BCBC001EAC29 /* BFSwift2Command */,
			);
		};
/* End PBXProject section */

/* Begin PBXSourcesBuildPhase section */
		A857FEF61F70BCBC001EAC29 /* Sources */ = {
			isa = PBXSourcesBuildPhase;
			buildActionMask = 2147483647;
			files = (
				A857FEFE1F70BCBD001EAC29 /* main.swift in Sources */,
				A857FF061F70BD39001EAC29 /* BFBaseObject.swift in Sources */,
			);
			runOnlyForDeploymentPostprocessing = 0;
		};
/* End PBXSourcesBuildPhase section */

/* Begin XCBuildConfiguration section */
		A857FEFF1F70BCBD001EAC29 /* Debug */ = {
			isa = XCBuildConfiguration;
			buildSettings = {
				ALWAYS_SEARCH_USER_PATHS = NO;
				CLANG_ANALYZER_NONNULL = YES;
				CLANG_CXX_LANGUAGE_STANDARD = "gnu++0x";
				CLANG_CXX_LIBRARY = "libc++";
				CLANG_ENABLE_MODULES = YES;
				CLANG_ENABLE_OBJC_ARC = YES;
				CLANG_WARN_BOOL_CONVERSION = YES;
				CLANG_WARN_CONSTANT_CONVERSION = YES;
				CLANG_WARN_DIRECT_OBJC_ISA_USAGE = YES_ERROR;
				CLANG_WARN_DOCUMENTATION_COMMENTS = YES;
				CLANG_WARN_EMPTY_BODY = YES;
				CLANG_WARN_ENUM_CONVERSION = YES;
				CLANG_WARN_INFINITE_RECURSION = YES;
				CLANG_WARN_INT_CONVERSION = YES;
				CLANG_WARN_OBJC_ROOT_CLASS = YES_ERROR;
				CLANG_WARN_SUSPICIOUS_MOVE = YES;
				CLANG_WARN_UNREACHABLE_CODE = YES;
				CLANG_WARN__DUPLICATE_METHOD_MATCH = YES;
				CODE_SIGN_IDENTITY = "-";
				COPY_PHASE_STRIP = NO;
				DEBUG_INFORMATION_FORMAT = dwarf;
				ENABLE_STRICT_OBJC_MSGSEND = YES;
				ENABLE_TESTABILITY = YES;
				GCC_C_LANGUAGE_STANDARD = gnu99;
				GCC_DYNAMIC_NO_PIC = NO;
				GCC_NO_COMMON_BLOCKS = YES;
				GCC_OPTIMIZATION_LEVEL = 0;
				GCC_PREPROCESSOR_DEFINITIONS = (
					"DEBUG=1",
					"$(inherited)",
				);
				GCC_WARN_64_TO_32_BIT_CONVERSION = YES;
				GCC_WARN_ABOUT_RETURN_TYPE = YES_ERROR;
				GCC_WARN_UNDECLARED_SELECTOR = YES;
				GCC_WARN_UNINITIALIZED_AUTOS = YES_AGGRESSIVE;
				GCC_WARN_UNUSED_FUNCTION = YES;
				GCC_WARN_UNUSED_VARIABLE = YES;
				MACOSX_DEPLOYMENT_TARGET = 10.12;
				MTL_ENABLE_DEBUG_INFO = YES;
				ONLY_ACTIVE_ARCH = YES;
				SDKROOT = macosx;
				SWIFT_OPTIMIZATION_LEVEL = "-Onone";
			};
			name = Debug;
		};
		A857FF001F70BCBD001EAC29 /* Release */ = {
			isa = XCBuildConfiguration;
			buildSettings = {
				ALWAYS_SEARCH_USER_PATHS = NO;
				CLANG_ANALYZER_NONNULL = YES;
				CLANG_CXX_LANGUAGE_STANDARD = "gnu++0x";
				CLANG_CXX_LIBRARY = "libc++";
				CLANG_ENABLE_MODULES = YES;
				CLANG_ENABLE_OBJC_ARC = YES;
				CLANG_WARN_BOOL_CONVERSION = YES;
				CLANG_WARN_CONSTANT_CONVERSION = YES;
				CLANG_WARN_DIRECT_OBJC_ISA_USAGE = YES_ERROR;
				CLANG_WARN_DOCUMENTATION_COMMENTS = YES;
				CLANG_WARN_EMPTY_BODY = YES;
				CLANG_WARN_ENUM_CONVERSION = YES;
				CLANG_WARN_INFINITE_RECURSION = YES;
				CLANG_WARN_INT_CONVERSION = YES;
				CLANG_WARN_OBJC_ROOT_CLASS = YES_ERROR;
				CLANG_WARN_SUSPICIOUS_MOVE = YES;
				CLANG_WARN_UNREACHABLE_CODE = YES;
				CLANG_WARN__DUPLICATE_METHOD_MATCH = YES;
				CODE_SIGN_IDENTITY = "-";
				COPY_PHASE_STRIP = NO;
				DEBUG_INFORMATION_FORMAT = "dwarf-with-dsym";
				ENABLE_NS_ASSERTIONS = NO;
				ENABLE_STRICT_OBJC_MSGSEND = YES;
				GCC_C_LANGUAGE_STANDARD = gnu99;
				GCC_NO_COMMON_BLOCKS = YES;
				GCC_WARN_64_TO_32_BIT_CONVERSION = YES;
				GCC_WARN_ABOUT_RETURN_TYPE = YES_ERROR;
				GCC_WARN_UNDECLARED_SELECTOR = YES;
				GCC_WARN_UNINITIALIZED_AUTOS = YES_AGGRESSIVE;
				GCC_WARN_UNUSED_FUNCTION = YES;
				GCC_WARN_UNUSED_VARIABLE = YES;
				MACOSX_DEPLOYMENT_TARGET = 10.12;
				MTL_ENABLE_DEBUG_INFO = NO;
				SDKROOT = macosx;
			};
			name = Release;
		};
		A857FF021F70BCBD001EAC29 /* Debug */ = {
			isa = XCBuildConfiguration;
			buildSettings = {
				DEVELOPMENT_TEAM = 2J5C844G24;
				PRODUCT_NAME = "$(TARGET_NAME)";
				SWIFT_VERSION = 3.0;
			};
			name = Debug;
		};
		A857FF031F70BCBD001EAC29 /* Release */ = {
			isa = XCBuildConfiguration;
			buildSettings = {
				DEVELOPMENT_TEAM = 2J5C844G24;
				PRODUCT_NAME = "$(TARGET_NAME)";
				SWIFT_VERSION = 3.0;
			};
			name = Release;
		};
/* End XCBuildConfiguration section */

/* Begin XCConfigurationList section */
		A857FEF51F70BCBC001EAC29 /* Build configuration list for PBXProject "BFSwift2Command" */ = {
			isa = XCConfigurationList;
			buildConfigurations = (
				A857FEFF1F70BCBD001EAC29 /* Debug */,
				A857FF001F70BCBD001EAC29 /* Release */,
			);
			defaultConfigurationIsVisible = 0;
			defaultConfigurationName = Release;
		};
		A857FF011F70BCBD001EAC29 /* Build configuration list for PBXNativeTarget "BFSwift2Command" */ = {
			isa = XCConfigurationList;
			buildConfigurations = (
				A857FF021F70BCBD001EAC29 /* Debug */,
				A857FF031F70BCBD001EAC29 /* Release */,
			);
			defaultConfigurationIsVisible = 0;
		};
/* End XCConfigurationList section */
	};
	rootObject = A857FEF21F70BCBC001EAC29 /* Project object */;
}
